PODS:
  - AFNetworking (3.2.0):
    - AFNetworking/NSURLSession (= 3.2.0)
    - AFNetworking/Reachability (= 3.2.0)
    - AFNetworking/Security (= 3.2.0)
    - AFNetworking/Serialization (= 3.2.0)
    - AFNetworking/UIKit (= 3.2.0)
  - AFNetworking/NSURLSession (3.2.0):
    - AFNetworking/Reachability
    - AFNetworking/Security
    - AFNetworking/Serialization
  - AFNetworking/Reachability (3.2.0)
  - AFNetworking/Security (3.2.0)
  - AFNetworking/Serialization (3.2.0)
  - AFNetworking/UIKit (3.2.0):
    - AFNetworking/NSURLSession
  - FMDB (2.7.2):
    - FMDB/standard (= 2.7.2)
  - FMDB/standard (2.7.2)
  - JCore (1.1.7)
  - JPush (3.0.8):
    - JCore (~> 1.1.7)
  - JSONModel (1.7.0)
  - Masonry (1.1.0)
  - MJRefresh (3.1.15.3)
  - QRCodeReaderViewController (4.0.2)
  - RongCloudIM/IMKit (2.8.27):
    - RongCloudIM/IMLib
  - RongCloudIM/IMLib (2.8.27)
  - SDWebImage (4.3.1):
    - SDWebImage/Core (= 4.3.1)
  - SDWebImage/Core (4.3.1)
  - UMCAnalytics (5.4.1):
    - UMCCommon
  - UMCCommon (1.4.1)
  - UMCShare/Core (6.8.2):
    - UMCCommon
  - UMCShare/Social/QQ (6.8.2):
    - UMCCommon
    - UMCShare/Core
    - UMCShare/Social/ReducedQQ
  - UMCShare/Social/ReducedQQ (6.8.2):
    - UMCCommon
    - UMCShare/Core
  - UMCShare/Social/ReducedSina (6.8.2):
    - UMCCommon
    - UMCShare/Core
  - UMCShare/Social/ReducedWeChat (6.8.2):
    - UMCCommon
    - UMCShare/Core
  - UMCShare/Social/Sina (6.8.2):
    - UMCCommon
    - UMCShare/Core
    - UMCShare/Social/ReducedSina
  - UMCShare/Social/SMS (6.8.2):
    - UMCCommon
    - UMCShare/Core
  - UMCShare/UI (6.8.2):
    - UMCCommon
    - UMCShare/Core
  - WechatOpenSDK (1.8.1)

DEPENDENCIES:
  - AFNetworking
  - FMDB
  - JPush
  - JSONModel
  - Masonry
  - MJRefresh
  - QRCodeReaderViewController
  - RongCloudIM/IMKit (~> 2.8.3)
  - RongCloudIM/IMLib (~> 2.8.3)
  - SDWebImage
  - UMCAnalytics
  - UMCShare/Social/QQ
  - UMCShare/Social/ReducedWeChat
  - UMCShare/Social/Sina
  - UMCShare/Social/SMS
  - UMCShare/UI
  - WechatOpenSDK

SPEC CHECKSUMS:
  AFNetworking: 8ac6017b94ea105479f7776e5288e48ae9c59bb4
  FMDB: 6198a90e7b6900cfc046e6bc0ef6ebb7be9236aa
  JCore: f7459c81c135281a874a6beafdd321666adcc834
  JPush: 9574d072cc37e93fa293ba69b43ce763c440943a
  JSONModel: 840bc0fcffb24b8454d2c026bf26fea454b8e98d
  Masonry: 678fab65091a9290e40e2832a55e7ab731aad201
  MJRefresh: b48380ae2b927b46c4ef000de9adb8dc748e1df7
  QRCodeReaderViewController: e8f27d035b3e72b1d4b1c61ff66458287e3be0ff
  RongCloudIM: 9993b47342d7ce2c338733470d3dfd8cecd38de1
  SDWebImage: 09808bac78357b39f8db4ea360c7b5534d785ef4
  UMCAnalytics: 44e0bb2f442b7aaf97d1c924b58798b612f2c13d
  UMCCommon: ed0b882a939c45850f6803a5837698572a3e9b96
  UMCShare: ab74e3c818cd305846609b15b0daf36872213c28
  WechatOpenSDK: 491d965d79335070328571d3e79f714549e79a5e

PODFILE CHECKSUM: 58b21a748770e0af7396516ca0def1d57cbd5671

COCOAPODS: 1.4.0
